// !$*UTF8*$!
{
	archiveVersion = 1;
	classes = {
	};
	objectVersion = 56;
	objects = {

/* Begin PBXBuildFile section */
		CEF0BCC42991DA3900A73830 /* main.swift in Sources */ = {isa = PBXBuildFile; fileRef = CEF0BCC32991DA3900A73830 /* main.swift */; };
		CEF0BCDE2991DFFE00A73830 /* Mediator.swift in Sources */ = {isa = PBXBuildFile; fileRef = CEF0BCDD2991DFFE00A73830 /* Mediator.swift */; };
		CEF0BCE22991E05500A73830 /* Participant.swift in Sources */ = {isa = PBXBuildFile; fileRef = CEF0BCE12991E05500A73830 /* Participant.swift */; };
		CEF0BCE42991E07B00A73830 /* Door.swift in Sources */ = {isa = PBXBuildFile; fileRef = CEF0BCE32991E07B00A73830 /* Door.swift */; };
		CEF0BCE62991E1AC00A73830 /* Window.swift in Sources */ = {isa = PBXBuildFile; fileRef = CEF0BCE52991E1AC00A73830 /* Window.swift */; };
		CEF0BCE82991E1D500A73830 /* Boiler.swift in Sources */ = {isa = PBXBuildFile; fileRef = CEF0BCE72991E1D500A73830 /* Boiler.swift */; };
		CEF0BCEA2991E25600A73830 /* AirConditioner.swift in Sources */ = {isa = PBXBuildFile; fileRef = CEF0BCE92991E25600A73830 /* AirConditioner.swift */; };
		CEF0BCEC2991E28700A73830 /* SmartHome.swift in Sources */ = {isa = PBXBuildFile; fileRef = CEF0BCEB2991E28700A73830 /* SmartHome.swift */; };
/* End PBXBuildFile section */

/* Begin PBXCopyFilesBuildPhase section */
		CEF0BCBE2991DA3900A73830 /* CopyFiles */ = {
			isa = PBXCopyFilesBuildPhase;
			buildActionMask = 2147483647;
			dstPath = /usr/share/man/man1/;
			dstSubfolderSpec = 0;
			files = (
			);
			runOnlyForDeploymentPostprocessing = 1;
		};
/* End PBXCopyFilesBuildPhase section */

/* Begin PBXFileReference section */
		CEF0BCC02991DA3900A73830 /* Mediator */ = {isa = PBXFileReference; explicitFileType = "compiled.mach-o.executable"; includeInIndex = 0; path = Mediator; sourceTree = BUILT_PRODUCTS_DIR; };
		CEF0BCC32991DA3900A73830 /* main.swift */ = {isa = PBXFileReference; lastKnownFileType = sourcecode.swift; path = main.swift; sourceTree = "<group>"; };
		CEF0BCDD2991DFFE00A73830 /* Mediator.swift */ = {isa = PBXFileReference; lastKnownFileType = sourcecode.swift; path = Mediator.swift; sourceTree = "<group>"; };
		CEF0BCE12991E05500A73830 /* Participant.swift */ = {isa = PBXFileReference; lastKnownFileType = sourcecode.swift; path = Participant.swift; sourceTree = "<group>"; };
		CEF0BCE32991E07B00A73830 /* Door.swift */ = {isa = PBXFileReference; lastKnownFileType = sourcecode.swift; path = Door.swift; sourceTree = "<group>"; };
		CEF0BCE52991E1AC00A73830 /* Window.swift */ = {isa = PBXFileReference; lastKnownFileType = sourcecode.swift; path = Window.swift; sourceTree = "<group>"; };
		CEF0BCE72991E1D500A73830 /* Boiler.swift */ = {isa = PBXFileReference; lastKnownFileType = sourcecode.swift; path = Boiler.swift; sourceTree = "<group>"; };
		CEF0BCE92991E25600A73830 /* AirConditioner.swift */ = {isa = PBXFileReference; lastKnownFileType = sourcecode.swift; path = AirConditioner.swift; sourceTree = "<group>"; };
		CEF0BCEB2991E28700A73830 /* SmartHome.swift */ = {isa = PBXFileReference; lastKnownFileType = sourcecode.swift; path = SmartHome.swift; sourceTree = "<group>"; };
/* End PBXFileReference section */

/* Begin PBXFrameworksBuildPhase section */
		CEF0BCBD2991DA3900A73830 /* Frameworks */ = {
			isa = PBXFrameworksBuildPhase;
			buildActionMask = 2147483647;
			files = (
			);
			runOnlyForDeploymentPostprocessing = 0;
		};
/* End PBXFrameworksBuildPhase section */

/* Begin PBXGroup section */
		CEF0BCB72991DA3900A73830 = {
			isa = PBXGroup;
			children = (
				CEF0BCC22991DA3900A73830 /* Mediator */,
				CEF0BCC12991DA3900A73830 /* Products */,
			);
			sourceTree = "<group>";
		};
		CEF0BCC12991DA3900A73830 /* Products */ = {
			isa = PBXGroup;
			children = (
				CEF0BCC02991DA3900A73830 /* Mediator */,
			);
			name = Products;
			sourceTree = "<group>";
		};
		CEF0BCC22991DA3900A73830 /* Mediator */ = {
			isa = PBXGroup;
			children = (
				CEF0BCC32991DA3900A73830 /* main.swift */,
				CEF0BCDD2991DFFE00A73830 /* Mediator.swift */,
				CEF0BCEB2991E28700A73830 /* SmartHome.swift */,
				CEF0BCE12991E05500A73830 /* Participant.swift */,
				CEF0BCE32991E07B00A73830 /* Door.swift */,
				CEF0BCE52991E1AC00A73830 /* Window.swift */,
				CEF0BCE72991E1D500A73830 /* Boiler.swift */,
				CEF0BCE92991E25600A73830 /* AirConditioner.swift */,
			);
			path = Mediator;
			sourceTree = "<group>";
		};
/* End PBXGroup section */

/* Begin PBXNativeTarget section */
		CEF0BCBF2991DA3900A73830 /* Mediator */ = {
			isa = PBXNativeTarget;
			buildConfigurationList = CEF0BCC72991DA3900A73830 /* Build configuration list for PBXNativeTarget "Mediator" */;
			buildPhases = (
				CEF0BCBC2991DA3900A73830 /* Sources */,
				CEF0BCBD2991DA3900A73830 /* Frameworks */,
				CEF0BCBE2991DA3900A73830 /* CopyFiles */,
			);
			buildRules = (
			);
			dependencies = (
			);
			name = Mediator;
			productName = Mediator;
			productReference = CEF0BCC02991DA3900A73830 /* Mediator */;
			productType = "com.apple.product-type.tool";
		};
/* End PBXNativeTarget section */

/* Begin PBXProject section */
		CEF0BCB82991DA3900A73830 /* Project object */ = {
			isa = PBXProject;
			attributes = {
				BuildIndependentTargetsInParallel = 1;
				LastSwiftUpdateCheck = 1420;
				LastUpgradeCheck = 1420;
				TargetAttributes = {
					CEF0BCBF2991DA3900A73830 = {
						CreatedOnToolsVersion = 14.2;
					};
				};
			};
			buildConfigurationList = CEF0BCBB2991DA3900A73830 /* Build configuration list for PBXProject "Mediator" */;
			compatibilityVersion = "Xcode 14.0";
			developmentRegion = en;
			hasScannedForEncodings = 0;
			knownRegions = (
				en,
				Base,
			);
			mainGroup = CEF0BCB72991DA3900A73830;
			productRefGroup = CEF0BCC12991DA3900A73830 /* Products */;
			projectDirPath = "";
			projectRoot = "";
			targets = (
				CEF0BCBF2991DA3900A73830 /* Mediator */,
			);
		};
/* End PBXProject section */

/* Begin PBXSourcesBuildPhase section */
		CEF0BCBC2991DA3900A73830 /* Sources */ = {
			isa = PBXSourcesBuildPhase;
			buildActionMask = 2147483647;
			files = (
				CEF0BCE82991E1D500A73830 /* Boiler.swift in Sources */,
				CEF0BCEA2991E25600A73830 /* AirConditioner.swift in Sources */,
				CEF0BCEC2991E28700A73830 /* SmartHome.swift in Sources */,
				CEF0BCDE2991DFFE00A73830 /* Mediator.swift in Sources */,
				CEF0BCE62991E1AC00A73830 /* Window.swift in Sources */,
				CEF0BCE42991E07B00A73830 /* Door.swift in Sources */,
				CEF0BCC42991DA3900A73830 /* main.swift in Sources */,
				CEF0BCE22991E05500A73830 /* Participant.swift in Sources */,
			);
			runOnlyForDeploymentPostprocessing = 0;
		};
/* End PBXSourcesBuildPhase section */

/* Begin XCBuildConfiguration section */
		CEF0BCC52991DA3900A73830 /* Debug */ = {
			isa = XCBuildConfiguration;
			buildSettings = {
				ALWAYS_SEARCH_USER_PATHS = NO;
				CLANG_ANALYZER_NONNULL = YES;
				CLANG_ANALYZER_NUMBER_OBJECT_CONVERSION = YES_AGGRESSIVE;
				CLANG_CXX_LANGUAGE_STANDARD = "gnu++20";
				CLANG_ENABLE_MODULES = YES;
				CLANG_ENABLE_OBJC_ARC = YES;
				CLANG_ENABLE_OBJC_WEAK = YES;
				CLANG_WARN_BLOCK_CAPTURE_AUTORELEASING = YES;
				CLANG_WARN_BOOL_CONVERSION = YES;
				CLANG_WARN_COMMA = YES;
				CLANG_WARN_CONSTANT_CONVERSION = YES;
				CLANG_WARN_DEPRECATED_OBJC_IMPLEMENTATIONS = YES;
				CLANG_WARN_DIRECT_OBJC_ISA_USAGE = YES_ERROR;
				CLANG_WARN_DOCUMENTATION_COMMENTS = YES;
				CLANG_WARN_EMPTY_BODY = YES;
				CLANG_WARN_ENUM_CONVERSION = YES;
				CLANG_WARN_INFINITE_RECURSION = YES;
				CLANG_WARN_INT_CONVERSION = YES;
				CLANG_WARN_NON_LITERAL_NULL_CONVERSION = YES;
				CLANG_WARN_OBJC_IMPLICIT_RETAIN_SELF = YES;
				CLANG_WARN_OBJC_LITERAL_CONVERSION = YES;
				CLANG_WARN_OBJC_ROOT_CLASS = YES_ERROR;
				CLANG_WARN_QUOTED_INCLUDE_IN_FRAMEWORK_HEADER = YES;
				CLANG_WARN_RANGE_LOOP_ANALYSIS = YES;
				CLANG_WARN_STRICT_PROTOTYPES = YES;
				CLANG_WARN_SUSPICIOUS_MOVE = YES;
				CLANG_WARN_UNGUARDED_AVAILABILITY = YES_AGGRESSIVE;
				CLANG_WARN_UNREACHABLE_CODE = YES;
				CLANG_WARN__DUPLICATE_METHOD_MATCH = YES;
				COPY_PHASE_STRIP = NO;
				DEBUG_INFORMATION_FORMAT = dwarf;
				ENABLE_STRICT_OBJC_MSGSEND = YES;
				ENABLE_TESTABILITY = YES;
				GCC_C_LANGUAGE_STANDARD = gnu11;
				GCC_DYNAMIC_NO_PIC = NO;
				GCC_NO_COMMON_BLOCKS = YES;
				GCC_OPTIMIZATION_LEVEL = 0;
				GCC_PREPROCESSOR_DEFINITIONS = (
					"DEBUG=1",
					"$(inherited)",
				);
				GCC_WARN_64_TO_32_BIT_CONVERSION = YES;
				GCC_WARN_ABOUT_RETURN_TYPE = YES_ERROR;
				GCC_WARN_UNDECLARED_SELECTOR = YES;
				GCC_WARN_UNINITIALIZED_AUTOS = YES_AGGRESSIVE;
				GCC_WARN_UNUSED_FUNCTION = YES;
				GCC_WARN_UNUSED_VARIABLE = YES;
				MACOSX_DEPLOYMENT_TARGET = 13.1;
				MTL_ENABLE_DEBUG_INFO = INCLUDE_SOURCE;
				MTL_FAST_MATH = YES;
				ONLY_ACTIVE_ARCH = YES;
				SDKROOT = macosx;
				SWIFT_ACTIVE_COMPILATION_CONDITIONS = DEBUG;
				SWIFT_OPTIMIZATION_LEVEL = "-Onone";
			};
			name = Debug;
		};
		CEF0BCC62991DA3900A73830 /* Release */ = {
			isa = XCBuildConfiguration;
			buildSettings = {
				ALWAYS_SEARCH_USER_PATHS = NO;
				CLANG_ANALYZER_NONNULL = YES;
				CLANG_ANALYZER_NUMBER_OBJECT_CONVERSION = YES_AGGRESSIVE;
				CLANG_CXX_LANGUAGE_STANDARD = "gnu++20";
				CLANG_ENABLE_MODULES = YES;
				CLANG_ENABLE_OBJC_ARC = YES;
				CLANG_ENABLE_OBJC_WEAK = YES;
				CLANG_WARN_BLOCK_CAPTURE_AUTORELEASING = YES;
				CLANG_WARN_BOOL_CONVERSION = YES;
				CLANG_WARN_COMMA = YES;
				CLANG_WARN_CONSTANT_CONVERSION = YES;
				CLANG_WARN_DEPRECATED_OBJC_IMPLEMENTATIONS = YES;
				CLANG_WARN_DIRECT_OBJC_ISA_USAGE = YES_ERROR;
				CLANG_WARN_DOCUMENTATION_COMMENTS = YES;
				CLANG_WARN_EMPTY_BODY = YES;
				CLANG_WARN_ENUM_CONVERSION = YES;
				CLANG_WARN_INFINITE_RECURSION = YES;
				CLANG_WARN_INT_CONVERSION = YES;
				CLANG_WARN_NON_LITERAL_NULL_CONVERSION = YES;
				CLANG_WARN_OBJC_IMPLICIT_RETAIN_SELF = YES;
				CLANG_WARN_OBJC_LITERAL_CONVERSION = YES;
				CLANG_WARN_OBJC_ROOT_CLASS = YES_ERROR;
				CLANG_WARN_QUOTED_INCLUDE_IN_FRAMEWORK_HEADER = YES;
				CLANG_WARN_RANGE_LOOP_ANALYSIS = YES;
				CLANG_WARN_STRICT_PROTOTYPES = YES;
				CLANG_WARN_SUSPICIOUS_MOVE = YES;
				CLANG_WARN_UNGUARDED_AVAILABILITY = YES_AGGRESSIVE;
				CLANG_WARN_UNREACHABLE_CODE = YES;
				CLANG_WARN__DUPLICATE_METHOD_MATCH = YES;
				COPY_PHASE_STRIP = NO;
				DEBUG_INFORMATION_FORMAT = "dwarf-with-dsym";
				ENABLE_NS_ASSERTIONS = NO;
				ENABLE_STRICT_OBJC_MSGSEND = YES;
				GCC_C_LANGUAGE_STANDARD = gnu11;
				GCC_NO_COMMON_BLOCKS = YES;
				GCC_WARN_64_TO_32_BIT_CONVERSION = YES;
				GCC_WARN_ABOUT_RETURN_TYPE = YES_ERROR;
				GCC_WARN_UNDECLARED_SELECTOR = YES;
				GCC_WARN_UNINITIALIZED_AUTOS = YES_AGGRESSIVE;
				GCC_WARN_UNUSED_FUNCTION = YES;
				GCC_WARN_UNUSED_VARIABLE = YES;
				MACOSX_DEPLOYMENT_TARGET = 13.1;
				MTL_ENABLE_DEBUG_INFO = NO;
				MTL_FAST_MATH = YES;
				SDKROOT = macosx;
				SWIFT_COMPILATION_MODE = wholemodule;
				SWIFT_OPTIMIZATION_LEVEL = "-O";
			};
			name = Release;
		};
		CEF0BCC82991DA3900A73830 /* Debug */ = {
			isa = XCBuildConfiguration;
			buildSettings = {
				CODE_SIGN_STYLE = Automatic;
				PRODUCT_NAME = "$(TARGET_NAME)";
				SWIFT_VERSION = 5.0;
			};
			name = Debug;
		};
		CEF0BCC92991DA3900A73830 /* Release */ = {
			isa = XCBuildConfiguration;
			buildSettings = {
				CODE_SIGN_STYLE = Automatic;
				PRODUCT_NAME = "$(TARGET_NAME)";
				SWIFT_VERSION = 5.0;
			};
			name = Release;
		};
/* End XCBuildConfiguration section */

/* Begin XCConfigurationList section */
		CEF0BCBB2991DA3900A73830 /* Build configuration list for PBXProject "Mediator" */ = {
			isa = XCConfigurationList;
			buildConfigurations = (
				CEF0BCC52991DA3900A73830 /* Debug */,
				CEF0BCC62991DA3900A73830 /* Release */,
			);
			defaultConfigurationIsVisible = 0;
			defaultConfigurationName = Release;
		};
		CEF0BCC72991DA3900A73830 /* Build configuration list for PBXNativeTarget "Mediator" */ = {
			isa = XCConfigurationList;
			buildConfigurations = (
				CEF0BCC82991DA3900A73830 /* Debug */,
				CEF0BCC92991DA3900A73830 /* Release */,
			);
			defaultConfigurationIsVisible = 0;
			defaultConfigurationName = Release;
		};
/* End XCConfigurationList section */
	};
	rootObject = CEF0BCB82991DA3900A73830 /* Project object */;
}
